{
  "name": "vue-svg-duotone3",
  "version": "0.1.0",
  "lockfileVersion": 1,
  "requires": true,
  "dependencies": {
    "chroma-js": {
      "version": "2.0.3",
      "resolved": "https://registry.npmjs.org/chroma-js/-/chroma-js-2.0.3.tgz",
      "integrity": "sha512-2kTvZZOFSV1O81/rm99t9vmkh9jQxsHqsRRoZevDVz/VCC3yKMyPuMK8M5yHG+UMg2tV6cRoqtZtgcD92udcBw=="
    },
    "dat.gui": {
      "version": "0.7.6",
      "resolved": "https://registry.npmjs.org/dat.gui/-/dat.gui-0.7.6.tgz",
      "integrity": "sha512-9Uqr4aQUvp9q5P2b4y6gK604HXafubOq578OmOS8mjrIkYrBP4EbQ9gz9YRXgyPh7aQi+b9H/jAG7EucmhYpSA=="
    },
    "gsap": {
      "version": "2.1.2",
      "resolved": "https://registry.npmjs.org/gsap/-/gsap-2.1.2.tgz",
      "integrity": "sha512-7saMzK2HQ3OD4/hbygtkh0uAK8LUqcom6abL4YqGttyxAQdEvywQOw5VK3obKQ7GaLU8KhszArKJPxIKe8mbvg=="
    }
  }
}
